
Microsoft Visual Studio Solution File, Format Version 12.00
# Visual Studio Version 17
VisualStudioVersion = 17.1.32421.90
MinimumVisualStudioVersion = 10.0.40219.1
Project("{9A19103F-16F7-4668-BE54-9A1E7A4F7556}") = "aula1OrientacaoAObjetos", "aula1OrientacaoAObjetos.csproj", "{AF5D5398-EF53-4E3A-B8AA-CBE33C6C4B93}"
EndProject
Project("{9A19103F-16F7-4668-BE54-9A1E7A4F7556}") = "Encapsulamento", "..\Encapsulamento\Encapsulamento.csproj", "{E36BDA80-49F3-4FA2-A567-1F4EBD14D7FE}"
EndProject
Project("{FAE04EC0-301F-11D3-BF4B-00C04F79EFBC}") = "Heranca", "..\Heranca\Heranca.csproj", "{AE60A12E-2A5D-46A2-97A8-6978FDC07EB6}"
EndProject
Global
	GlobalSection(SolutionConfigurationPlatforms) = preSolution
		Debug|Any CPU = Debug|Any CPU
		Release|Any CPU = Release|Any CPU
	EndGlobalSection
	GlobalSection(ProjectConfigurationPlatforms) = postSolution
		{AF5D5398-EF53-4E3A-B8AA-CBE33C6C4B93}.Debug|Any CPU.ActiveCfg = Debug|Any CPU
		{AF5D5398-EF53-4E3A-B8AA-CBE33C6C4B93}.Debug|Any CPU.Build.0 = Debug|Any CPU
		{AF5D5398-EF53-4E3A-B8AA-CBE33C6C4B93}.Release|Any CPU.ActiveCfg = Release|Any CPU
		{AF5D5398-EF53-4E3A-B8AA-CBE33C6C4B93}.Release|Any CPU.Build.0 = Release|Any CPU
		{E36BDA80-49F3-4FA2-A567-1F4EBD14D7FE}.Debug|Any CPU.ActiveCfg = Debug|Any CPU
		{E36BDA80-49F3-4FA2-A567-1F4EBD14D7FE}.Debug|Any CPU.Build.0 = Debug|Any CPU
		{E36BDA80-49F3-4FA2-A567-1F4EBD14D7FE}.Release|Any CPU.ActiveCfg = Release|Any CPU
		{E36BDA80-49F3-4FA2-A567-1F4EBD14D7FE}.Release|Any CPU.Build.0 = Release|Any CPU
		{AE60A12E-2A5D-46A2-97A8-6978FDC07EB6}.Debug|Any CPU.ActiveCfg = Debug|Any CPU
		{AE60A12E-2A5D-46A2-97A8-6978FDC07EB6}.Debug|Any CPU.Build.0 = Debug|Any CPU
		{AE60A12E-2A5D-46A2-97A8-6978FDC07EB6}.Release|Any CPU.ActiveCfg = Release|Any CPU
		{AE60A12E-2A5D-46A2-97A8-6978FDC07EB6}.Release|Any CPU.Build.0 = Release|Any CPU
	EndGlobalSection
	GlobalSection(SolutionProperties) = preSolution
		HideSolutionNode = FALSE
	EndGlobalSection
	GlobalSection(ExtensibilityGlobals) = postSolution
		SolutionGuid = {9C360457-894C-45D9-BEED-4BC30EEC8832}
	EndGlobalSection
EndGlobal
